// !$*UTF8*$!
{
	archiveVersion = 1;
	classes = {
	};
	objectVersion = 46;
	objects = {

/* Begin PBXBuildFile section */
		12113BBB1BC44E2000EA0A32 /* AppDelegate.swift in Sources */ = {isa = PBXBuildFile; fileRef = 12113BBA1BC44E2000EA0A32 /* AppDelegate.swift */; };
		12113BC01BC44E2000EA0A32 /* Main.storyboard in Resources */ = {isa = PBXBuildFile; fileRef = 12113BBE1BC44E2000EA0A32 /* Main.storyboard */; };
		12113BC21BC44E2000EA0A32 /* Assets.xcassets in Resources */ = {isa = PBXBuildFile; fileRef = 12113BC11BC44E2000EA0A32 /* Assets.xcassets */; };
		12113BC51BC44E2000EA0A32 /* LaunchScreen.storyboard in Resources */ = {isa = PBXBuildFile; fileRef = 12113BC31BC44E2000EA0A32 /* LaunchScreen.storyboard */; };
		12113BCD1BC44E4F00EA0A32 /* TaskListTableViewController.swift in Sources */ = {isa = PBXBuildFile; fileRef = 12113BCC1BC44E4F00EA0A32 /* TaskListTableViewController.swift */; settings = {ASSET_TAGS = (); }; };
		12113BD01BC4571B00EA0A32 /* TaskListModel.xcdatamodeld in Sources */ = {isa = PBXBuildFile; fileRef = 12113BCE1BC4571B00EA0A32 /* TaskListModel.xcdatamodeld */; settings = {ASSET_TAGS = (); }; };
		12113BE21BC45F5A00EA0A32 /* TaskDetailViewController.swift in Sources */ = {isa = PBXBuildFile; fileRef = 12113BE11BC45F5A00EA0A32 /* TaskDetailViewController.swift */; settings = {ASSET_TAGS = (); }; };
		12113BEF1BC4640F00EA0A32 /* Task+CoreDataProperties.swift in Sources */ = {isa = PBXBuildFile; fileRef = 12113BEB1BC4640F00EA0A32 /* Task+CoreDataProperties.swift */; settings = {ASSET_TAGS = (); }; };
		12113BF01BC4640F00EA0A32 /* Task.swift in Sources */ = {isa = PBXBuildFile; fileRef = 12113BEC1BC4640F00EA0A32 /* Task.swift */; settings = {ASSET_TAGS = (); }; };
		12113BF11BC4640F00EA0A32 /* Status+CoreDataProperties.swift in Sources */ = {isa = PBXBuildFile; fileRef = 12113BED1BC4640F00EA0A32 /* Status+CoreDataProperties.swift */; settings = {ASSET_TAGS = (); }; };
		12113BF21BC4640F00EA0A32 /* Status.swift in Sources */ = {isa = PBXBuildFile; fileRef = 12113BEE1BC4640F00EA0A32 /* Status.swift */; settings = {ASSET_TAGS = (); }; };
/* End PBXBuildFile section */

/* Begin PBXFileReference section */
		12113BB71BC44E1F00EA0A32 /* TaskList.app */ = {isa = PBXFileReference; explicitFileType = wrapper.application; includeInIndex = 0; path = TaskList.app; sourceTree = BUILT_PRODUCTS_DIR; };
		12113BBA1BC44E2000EA0A32 /* AppDelegate.swift */ = {isa = PBXFileReference; lastKnownFileType = sourcecode.swift; path = AppDelegate.swift; sourceTree = "<group>"; };
		12113BBF1BC44E2000EA0A32 /* Base */ = {isa = PBXFileReference; lastKnownFileType = file.storyboard; name = Base; path = Base.lproj/Main.storyboard; sourceTree = "<group>"; };
		12113BC11BC44E2000EA0A32 /* Assets.xcassets */ = {isa = PBXFileReference; lastKnownFileType = folder.assetcatalog; path = Assets.xcassets; sourceTree = "<group>"; };
		12113BC41BC44E2000EA0A32 /* Base */ = {isa = PBXFileReference; lastKnownFileType = file.storyboard; name = Base; path = Base.lproj/LaunchScreen.storyboard; sourceTree = "<group>"; };
		12113BC61BC44E2000EA0A32 /* Info.plist */ = {isa = PBXFileReference; lastKnownFileType = text.plist.xml; path = Info.plist; sourceTree = "<group>"; };
		12113BCC1BC44E4F00EA0A32 /* TaskListTableViewController.swift */ = {isa = PBXFileReference; fileEncoding = 4; lastKnownFileType = sourcecode.swift; path = TaskListTableViewController.swift; sourceTree = "<group>"; };
		12113BCF1BC4571B00EA0A32 /* TaskListModel.xcdatamodel */ = {isa = PBXFileReference; lastKnownFileType = wrapper.xcdatamodel; path = TaskListModel.xcdatamodel; sourceTree = "<group>"; };
		12113BE11BC45F5A00EA0A32 /* TaskDetailViewController.swift */ = {isa = PBXFileReference; fileEncoding = 4; lastKnownFileType = sourcecode.swift; path = TaskDetailViewController.swift; sourceTree = "<group>"; };
		12113BEB1BC4640F00EA0A32 /* Task+CoreDataProperties.swift */ = {isa = PBXFileReference; fileEncoding = 4; lastKnownFileType = sourcecode.swift; path = "Task+CoreDataProperties.swift"; sourceTree = "<group>"; };
		12113BEC1BC4640F00EA0A32 /* Task.swift */ = {isa = PBXFileReference; fileEncoding = 4; lastKnownFileType = sourcecode.swift; path = Task.swift; sourceTree = "<group>"; };
		12113BED1BC4640F00EA0A32 /* Status+CoreDataProperties.swift */ = {isa = PBXFileReference; fileEncoding = 4; lastKnownFileType = sourcecode.swift; path = "Status+CoreDataProperties.swift"; sourceTree = "<group>"; };
		12113BEE1BC4640F00EA0A32 /* Status.swift */ = {isa = PBXFileReference; fileEncoding = 4; lastKnownFileType = sourcecode.swift; path = Status.swift; sourceTree = "<group>"; };
/* End PBXFileReference section */

/* Begin PBXFrameworksBuildPhase section */
		12113BB41BC44E1F00EA0A32 /* Frameworks */ = {
			isa = PBXFrameworksBuildPhase;
			buildActionMask = 2147483647;
			files = (
			);
			runOnlyForDeploymentPostprocessing = 0;
		};
/* End PBXFrameworksBuildPhase section */

/* Begin PBXGroup section */
		12113BAE1BC44E1F00EA0A32 = {
			isa = PBXGroup;
			children = (
				12113BB91BC44E2000EA0A32 /* TaskList */,
				12113BB81BC44E1F00EA0A32 /* Products */,
			);
			sourceTree = "<group>";
		};
		12113BB81BC44E1F00EA0A32 /* Products */ = {
			isa = PBXGroup;
			children = (
				12113BB71BC44E1F00EA0A32 /* TaskList.app */,
			);
			name = Products;
			sourceTree = "<group>";
		};
		12113BB91BC44E2000EA0A32 /* TaskList */ = {
			isa = PBXGroup;
			children = (
				12113BEB1BC4640F00EA0A32 /* Task+CoreDataProperties.swift */,
				12113BEC1BC4640F00EA0A32 /* Task.swift */,
				12113BED1BC4640F00EA0A32 /* Status+CoreDataProperties.swift */,
				12113BEE1BC4640F00EA0A32 /* Status.swift */,
				12113BBA1BC44E2000EA0A32 /* AppDelegate.swift */,
				12113BCC1BC44E4F00EA0A32 /* TaskListTableViewController.swift */,
				12113BE11BC45F5A00EA0A32 /* TaskDetailViewController.swift */,
				12113BBE1BC44E2000EA0A32 /* Main.storyboard */,
				12113BCE1BC4571B00EA0A32 /* TaskListModel.xcdatamodeld */,
				12113BC11BC44E2000EA0A32 /* Assets.xcassets */,
				12113BC31BC44E2000EA0A32 /* LaunchScreen.storyboard */,
				12113BC61BC44E2000EA0A32 /* Info.plist */,
			);
			path = TaskList;
			sourceTree = "<group>";
		};
/* End PBXGroup section */

/* Begin PBXNativeTarget section */
		12113BB61BC44E1F00EA0A32 /* TaskList */ = {
			isa = PBXNativeTarget;
			buildConfigurationList = 12113BC91BC44E2000EA0A32 /* Build configuration list for PBXNativeTarget "TaskList" */;
			buildPhases = (
				12113BB31BC44E1F00EA0A32 /* Sources */,
				12113BB41BC44E1F00EA0A32 /* Frameworks */,
				12113BB51BC44E1F00EA0A32 /* Resources */,
			);
			buildRules = (
			);
			dependencies = (
			);
			name = TaskList;
			productName = TaskList;
			productReference = 12113BB71BC44E1F00EA0A32 /* TaskList.app */;
			productType = "com.apple.product-type.application";
		};
/* End PBXNativeTarget section */

/* Begin PBXProject section */
		12113BAF1BC44E1F00EA0A32 /* Project object */ = {
			isa = PBXProject;
			attributes = {
				LastUpgradeCheck = 0700;
				ORGANIZATIONNAME = Flameworks;
				TargetAttributes = {
					12113BB61BC44E1F00EA0A32 = {
						CreatedOnToolsVersion = 7.0.1;
					};
				};
			};
			buildConfigurationList = 12113BB21BC44E1F00EA0A32 /* Build configuration list for PBXProject "TaskList" */;
			compatibilityVersion = "Xcode 3.2";
			developmentRegion = English;
			hasScannedForEncodings = 0;
			knownRegions = (
				en,
				Base,
			);
			mainGroup = 12113BAE1BC44E1F00EA0A32;
			productRefGroup = 12113BB81BC44E1F00EA0A32 /* Products */;
			projectDirPath = "";
			projectRoot = "";
			targets = (
				12113BB61BC44E1F00EA0A32 /* TaskList */,
			);
		};
/* End PBXProject section */

/* Begin PBXResourcesBuildPhase section */
		12113BB51BC44E1F00EA0A32 /* Resources */ = {
			isa = PBXResourcesBuildPhase;
			buildActionMask = 2147483647;
			files = (
				12113BC51BC44E2000EA0A32 /* LaunchScreen.storyboard in Resources */,
				12113BC21BC44E2000EA0A32 /* Assets.xcassets in Resources */,
				12113BC01BC44E2000EA0A32 /* Main.storyboard in Resources */,
			);
			runOnlyForDeploymentPostprocessing = 0;
		};
/* End PBXResourcesBuildPhase section */

/* Begin PBXSourcesBuildPhase section */
		12113BB31BC44E1F00EA0A32 /* Sources */ = {
			isa = PBXSourcesBuildPhase;
			buildActionMask = 2147483647;
			files = (
				12113BCD1BC44E4F00EA0A32 /* TaskListTableViewController.swift in Sources */,
				12113BD01BC4571B00EA0A32 /* TaskListModel.xcdatamodeld in Sources */,
				12113BE21BC45F5A00EA0A32 /* TaskDetailViewController.swift in Sources */,
				12113BF21BC4640F00EA0A32 /* Status.swift in Sources */,
				12113BEF1BC4640F00EA0A32 /* Task+CoreDataProperties.swift in Sources */,
				12113BF01BC4640F00EA0A32 /* Task.swift in Sources */,
				12113BF11BC4640F00EA0A32 /* Status+CoreDataProperties.swift in Sources */,
				12113BBB1BC44E2000EA0A32 /* AppDelegate.swift in Sources */,
			);
			runOnlyForDeploymentPostprocessing = 0;
		};
/* End PBXSourcesBuildPhase section */

/* Begin PBXVariantGroup section */
		12113BBE1BC44E2000EA0A32 /* Main.storyboard */ = {
			isa = PBXVariantGroup;
			children = (
				12113BBF1BC44E2000EA0A32 /* Base */,
			);
			name = Main.storyboard;
			sourceTree = "<group>";
		};
		12113BC31BC44E2000EA0A32 /* LaunchScreen.storyboard */ = {
			isa = PBXVariantGroup;
			children = (
				12113BC41BC44E2000EA0A32 /* Base */,
			);
			name = LaunchScreen.storyboard;
			sourceTree = "<group>";
		};
/* End PBXVariantGroup section */

/* Begin XCBuildConfiguration section */
		12113BC71BC44E2000EA0A32 /* Debug */ = {
			isa = XCBuildConfiguration;
			buildSettings = {
				ALWAYS_SEARCH_USER_PATHS = NO;
				CLANG_CXX_LANGUAGE_STANDARD = "gnu++0x";
				CLANG_CXX_LIBRARY = "libc++";
				CLANG_ENABLE_MODULES = YES;
				CLANG_ENABLE_OBJC_ARC = YES;
				CLANG_WARN_BOOL_CONVERSION = YES;
				CLANG_WARN_CONSTANT_CONVERSION = YES;
				CLANG_WARN_DIRECT_OBJC_ISA_USAGE = YES_ERROR;
				CLANG_WARN_EMPTY_BODY = YES;
				CLANG_WARN_ENUM_CONVERSION = YES;
				CLANG_WARN_INT_CONVERSION = YES;
				CLANG_WARN_OBJC_ROOT_CLASS = YES_ERROR;
				CLANG_WARN_UNREACHABLE_CODE = YES;
				CLANG_WARN__DUPLICATE_METHOD_MATCH = YES;
				"CODE_SIGN_IDENTITY[sdk=iphoneos*]" = "iPhone Developer";
				COPY_PHASE_STRIP = NO;
				DEBUG_INFORMATION_FORMAT = dwarf;
				ENABLE_STRICT_OBJC_MSGSEND = YES;
				ENABLE_TESTABILITY = YES;
				GCC_C_LANGUAGE_STANDARD = gnu99;
				GCC_DYNAMIC_NO_PIC = NO;
				GCC_NO_COMMON_BLOCKS = YES;
				GCC_OPTIMIZATION_LEVEL = 0;
				GCC_PREPROCESSOR_DEFINITIONS = (
					"DEBUG=1",
					"$(inherited)",
				);
				GCC_WARN_64_TO_32_BIT_CONVERSION = YES;
				GCC_WARN_ABOUT_RETURN_TYPE = YES_ERROR;
				GCC_WARN_UNDECLARED_SELECTOR = YES;
				GCC_WARN_UNINITIALIZED_AUTOS = YES_AGGRESSIVE;
				GCC_WARN_UNUSED_FUNCTION = YES;
				GCC_WARN_UNUSED_VARIABLE = YES;
				IPHONEOS_DEPLOYMENT_TARGET = 9.0;
				MTL_ENABLE_DEBUG_INFO = YES;
				ONLY_ACTIVE_ARCH = YES;
				SDKROOT = iphoneos;
				SWIFT_OPTIMIZATION_LEVEL = "-Onone";
			};
			name = Debug;
		};
		12113BC81BC44E2000EA0A32 /* Release */ = {
			isa = XCBuildConfiguration;
			buildSettings = {
				ALWAYS_SEARCH_USER_PATHS = NO;
				CLANG_CXX_LANGUAGE_STANDARD = "gnu++0x";
				CLANG_CXX_LIBRARY = "libc++";
				CLANG_ENABLE_MODULES = YES;
				CLANG_ENABLE_OBJC_ARC = YES;
				CLANG_WARN_BOOL_CONVERSION = YES;
				CLANG_WARN_CONSTANT_CONVERSION = YES;
				CLANG_WARN_DIRECT_OBJC_ISA_USAGE = YES_ERROR;
				CLANG_WARN_EMPTY_BODY = YES;
				CLANG_WARN_ENUM_CONVERSION = YES;
				CLANG_WARN_INT_CONVERSION = YES;
				CLANG_WARN_OBJC_ROOT_CLASS = YES_ERROR;
				CLANG_WARN_UNREACHABLE_CODE = YES;
				CLANG_WARN__DUPLICATE_METHOD_MATCH = YES;
				"CODE_SIGN_IDENTITY[sdk=iphoneos*]" = "iPhone Developer";
				COPY_PHASE_STRIP = NO;
				DEBUG_INFORMATION_FORMAT = "dwarf-with-dsym";
				ENABLE_NS_ASSERTIONS = NO;
				ENABLE_STRICT_OBJC_MSGSEND = YES;
				GCC_C_LANGUAGE_STANDARD = gnu99;
				GCC_NO_COMMON_BLOCKS = YES;
				GCC_WARN_64_TO_32_BIT_CONVERSION = YES;
				GCC_WARN_ABOUT_RETURN_TYPE = YES_ERROR;
				GCC_WARN_UNDECLARED_SELECTOR = YES;
				GCC_WARN_UNINITIALIZED_AUTOS = YES_AGGRESSIVE;
				GCC_WARN_UNUSED_FUNCTION = YES;
				GCC_WARN_UNUSED_VARIABLE = YES;
				IPHONEOS_DEPLOYMENT_TARGET = 9.0;
				MTL_ENABLE_DEBUG_INFO = NO;
				SDKROOT = iphoneos;
				VALIDATE_PRODUCT = YES;
			};
			name = Release;
		};
		12113BCA1BC44E2000EA0A32 /* Debug */ = {
			isa = XCBuildConfiguration;
			buildSettings = {
				ASSETCATALOG_COMPILER_APPICON_NAME = AppIcon;
				INFOPLIST_FILE = TaskList/Info.plist;
				LD_RUNPATH_SEARCH_PATHS = "$(inherited) @executable_path/Frameworks";
				PRODUCT_BUNDLE_IDENTIFIER = br.com.flameworks.TaskList;
				PRODUCT_NAME = "$(TARGET_NAME)";
			};
			name = Debug;
		};
		12113BCB1BC44E2000EA0A32 /* Release */ = {
			isa = XCBuildConfiguration;
			buildSettings = {
				ASSETCATALOG_COMPILER_APPICON_NAME = AppIcon;
				INFOPLIST_FILE = TaskList/Info.plist;
				LD_RUNPATH_SEARCH_PATHS = "$(inherited) @executable_path/Frameworks";
				PRODUCT_BUNDLE_IDENTIFIER = br.com.flameworks.TaskList;
				PRODUCT_NAME = "$(TARGET_NAME)";
			};
			name = Release;
		};
/* End XCBuildConfiguration section */

/* Begin XCConfigurationList section */
		12113BB21BC44E1F00EA0A32 /* Build configuration list for PBXProject "TaskList" */ = {
			isa = XCConfigurationList;
			buildConfigurations = (
				12113BC71BC44E2000EA0A32 /* Debug */,
				12113BC81BC44E2000EA0A32 /* Release */,
			);
			defaultConfigurationIsVisible = 0;
			defaultConfigurationName = Release;
		};
		12113BC91BC44E2000EA0A32 /* Build configuration list for PBXNativeTarget "TaskList" */ = {
			isa = XCConfigurationList;
			buildConfigurations = (
				12113BCA1BC44E2000EA0A32 /* Debug */,
				12113BCB1BC44E2000EA0A32 /* Release */,
			);
			defaultConfigurationIsVisible = 0;
		};
/* End XCConfigurationList section */

/* Begin XCVersionGroup section */
		12113BCE1BC4571B00EA0A32 /* TaskListModel.xcdatamodeld */ = {
			isa = XCVersionGroup;
			children = (
				12113BCF1BC4571B00EA0A32 /* TaskListModel.xcdatamodel */,
			);
			currentVersion = 12113BCF1BC4571B00EA0A32 /* TaskListModel.xcdatamodel */;
			path = TaskListModel.xcdatamodeld;
			sourceTree = "<group>";
			versionGroupType = wrapper.xcdatamodel;
		};
/* End XCVersionGroup section */
	};
	rootObject = 12113BAF1BC44E1F00EA0A32 /* Project object */;
}
